
Microsoft Visual Studio Solution File, Format Version 12.00
# Visual Studio Version 17
VisualStudioVersion = 17.8.34316.72
MinimumVisualStudioVersion = 10.0.40219.1
Project("{FAE04EC0-301F-11D3-BF4B-00C04F79EFBC}") = "FreelanceManager", "FreelanceManager.csproj", "{A30B8348-2029-4507-B00F-E81D58157AEE}"
EndProject
Global
	GlobalSection(SolutionConfigurationPlatforms) = preSolution
		Debug|Any CPU = Debug|Any CPU
		Release|Any CPU = Release|Any CPU
	EndGlobalSection
	GlobalSection(ProjectConfigurationPlatforms) = postSolution
		{A30B8348-2029-4507-B00F-E81D58157AEE}.Debug|Any CPU.ActiveCfg = Debug|Any CPU
		{A30B8348-2029-4507-B00F-E81D58157AEE}.Debug|Any CPU.Build.0 = Debug|Any CPU
		{A30B8348-2029-4507-B00F-E81D58157AEE}.Release|Any CPU.ActiveCfg = Release|Any CPU
		{A30B8348-2029-4507-B00F-E81D58157AEE}.Release|Any CPU.Build.0 = Release|Any CPU
	EndGlobalSection
	GlobalSection(SolutionProperties) = preSolution
		HideSolutionNode = FALSE
	EndGlobalSection
	GlobalSection(ExtensibilityGlobals) = postSolution
		SolutionGuid = {D4C7C7D3-1053-49CB-97D4-081DEE11CE07}
	EndGlobalSection
EndGlobal
